// !$*UTF8*$!
{
	archiveVersion = 1;
	classes = {
	};
	objectVersion = 50;
	objects = {

/* Begin PBXBuildFile section */
		5E8FDB002625E7D40076F54E /* AppDelegate.swift in Sources */ = {isa = PBXBuildFile; fileRef = 5E8FDAFF2625E7D40076F54E /* AppDelegate.swift */; };
		5E8FDB022625E7D40076F54E /* SceneDelegate.swift in Sources */ = {isa = PBXBuildFile; fileRef = 5E8FDB012625E7D40076F54E /* SceneDelegate.swift */; };
		5E8FDB072625E7D40076F54E /* Main.storyboard in Resources */ = {isa = PBXBuildFile; fileRef = 5E8FDB052625E7D40076F54E /* Main.storyboard */; };
		5E8FDB092625E7D40076F54E /* Assets.xcassets in Resources */ = {isa = PBXBuildFile; fileRef = 5E8FDB082625E7D40076F54E /* Assets.xcassets */; };
		5E8FDB0C2625E7D40076F54E /* LaunchScreen.storyboard in Resources */ = {isa = PBXBuildFile; fileRef = 5E8FDB0A2625E7D40076F54E /* LaunchScreen.storyboard */; };
		5E8FDB172625E9B40076F54E /* ContactsListViewController.swift in Sources */ = {isa = PBXBuildFile; fileRef = 5E8FDB162625E9B40076F54E /* ContactsListViewController.swift */; };
		5E8FDB1A2625E9D20076F54E /* InfoContactsListViewController.swift in Sources */ = {isa = PBXBuildFile; fileRef = 5E8FDB192625E9D20076F54E /* InfoContactsListViewController.swift */; };
		5E8FDB1D2625E9F70076F54E /* PersonInfoViewController.swift in Sources */ = {isa = PBXBuildFile; fileRef = 5E8FDB1C2625E9F70076F54E /* PersonInfoViewController.swift */; };
		5E8FDB212625EA8C0076F54E /* PersonModel.swift in Sources */ = {isa = PBXBuildFile; fileRef = 5E8FDB202625EA8C0076F54E /* PersonModel.swift */; };
		5E8FDB28262602690076F54E /* TabBarViewController.swift in Sources */ = {isa = PBXBuildFile; fileRef = 5E8FDB27262602690076F54E /* TabBarViewController.swift */; };
/* End PBXBuildFile section */

/* Begin PBXFileReference section */
		5E8FDAFC2625E7D40076F54E /* ContactList.app */ = {isa = PBXFileReference; explicitFileType = wrapper.application; includeInIndex = 0; path = ContactList.app; sourceTree = BUILT_PRODUCTS_DIR; };
		5E8FDAFF2625E7D40076F54E /* AppDelegate.swift */ = {isa = PBXFileReference; lastKnownFileType = sourcecode.swift; path = AppDelegate.swift; sourceTree = "<group>"; };
		5E8FDB012625E7D40076F54E /* SceneDelegate.swift */ = {isa = PBXFileReference; lastKnownFileType = sourcecode.swift; path = SceneDelegate.swift; sourceTree = "<group>"; };
		5E8FDB062625E7D40076F54E /* Base */ = {isa = PBXFileReference; lastKnownFileType = file.storyboard; name = Base; path = Base.lproj/Main.storyboard; sourceTree = "<group>"; };
		5E8FDB082625E7D40076F54E /* Assets.xcassets */ = {isa = PBXFileReference; lastKnownFileType = folder.assetcatalog; path = Assets.xcassets; sourceTree = "<group>"; };
		5E8FDB0B2625E7D40076F54E /* Base */ = {isa = PBXFileReference; lastKnownFileType = file.storyboard; name = Base; path = Base.lproj/LaunchScreen.storyboard; sourceTree = "<group>"; };
		5E8FDB0D2625E7D40076F54E /* Info.plist */ = {isa = PBXFileReference; lastKnownFileType = text.plist.xml; path = Info.plist; sourceTree = "<group>"; };
		5E8FDB162625E9B40076F54E /* ContactsListViewController.swift */ = {isa = PBXFileReference; lastKnownFileType = sourcecode.swift; path = ContactsListViewController.swift; sourceTree = "<group>"; };
		5E8FDB192625E9D20076F54E /* InfoContactsListViewController.swift */ = {isa = PBXFileReference; lastKnownFileType = sourcecode.swift; path = InfoContactsListViewController.swift; sourceTree = "<group>"; };
		5E8FDB1C2625E9F70076F54E /* PersonInfoViewController.swift */ = {isa = PBXFileReference; lastKnownFileType = sourcecode.swift; path = PersonInfoViewController.swift; sourceTree = "<group>"; };
		5E8FDB202625EA8C0076F54E /* PersonModel.swift */ = {isa = PBXFileReference; lastKnownFileType = sourcecode.swift; path = PersonModel.swift; sourceTree = "<group>"; };
		5E8FDB27262602690076F54E /* TabBarViewController.swift */ = {isa = PBXFileReference; lastKnownFileType = sourcecode.swift; path = TabBarViewController.swift; sourceTree = "<group>"; };
/* End PBXFileReference section */

/* Begin PBXFrameworksBuildPhase section */
		5E8FDAF92625E7D40076F54E /* Frameworks */ = {
			isa = PBXFrameworksBuildPhase;
			buildActionMask = 2147483647;
			files = (
			);
			runOnlyForDeploymentPostprocessing = 0;
		};
/* End PBXFrameworksBuildPhase section */

/* Begin PBXGroup section */
		5E8FDAF32625E7D40076F54E = {
			isa = PBXGroup;
			children = (
				5E8FDAFE2625E7D40076F54E /* ContactList */,
				5E8FDAFD2625E7D40076F54E /* Products */,
			);
			sourceTree = "<group>";
		};
		5E8FDAFD2625E7D40076F54E /* Products */ = {
			isa = PBXGroup;
			children = (
				5E8FDAFC2625E7D40076F54E /* ContactList.app */,
			);
			name = Products;
			sourceTree = "<group>";
		};
		5E8FDAFE2625E7D40076F54E /* ContactList */ = {
			isa = PBXGroup;
			children = (
				5E8FDB1F2625EA040076F54E /* ViewController */,
				5E8FDB242625EA960076F54E /* Model */,
				5E8FDAFF2625E7D40076F54E /* AppDelegate.swift */,
				5E8FDB012625E7D40076F54E /* SceneDelegate.swift */,
				5E8FDB052625E7D40076F54E /* Main.storyboard */,
				5E8FDB082625E7D40076F54E /* Assets.xcassets */,
				5E8FDB0A2625E7D40076F54E /* LaunchScreen.storyboard */,
				5E8FDB0D2625E7D40076F54E /* Info.plist */,
			);
			path = ContactList;
			sourceTree = "<group>";
		};
		5E8FDB1F2625EA040076F54E /* ViewController */ = {
			isa = PBXGroup;
			children = (
				5E8FDB162625E9B40076F54E /* ContactsListViewController.swift */,
				5E8FDB192625E9D20076F54E /* InfoContactsListViewController.swift */,
				5E8FDB1C2625E9F70076F54E /* PersonInfoViewController.swift */,
				5E8FDB27262602690076F54E /* TabBarViewController.swift */,
			);
			path = ViewController;
			sourceTree = "<group>";
		};
		5E8FDB242625EA960076F54E /* Model */ = {
			isa = PBXGroup;
			children = (
				5E8FDB202625EA8C0076F54E /* PersonModel.swift */,
			);
			path = Model;
			sourceTree = "<group>";
		};
/* End PBXGroup section */

/* Begin PBXNativeTarget section */
		5E8FDAFB2625E7D40076F54E /* ContactList */ = {
			isa = PBXNativeTarget;
			buildConfigurationList = 5E8FDB102625E7D40076F54E /* Build configuration list for PBXNativeTarget "ContactList" */;
			buildPhases = (
				5E8FDAF82625E7D40076F54E /* Sources */,
				5E8FDAF92625E7D40076F54E /* Frameworks */,
				5E8FDAFA2625E7D40076F54E /* Resources */,
			);
			buildRules = (
			);
			dependencies = (
			);
			name = ContactList;
			productName = ContactList;
			productReference = 5E8FDAFC2625E7D40076F54E /* ContactList.app */;
			productType = "com.apple.product-type.application";
		};
/* End PBXNativeTarget section */

/* Begin PBXProject section */
		5E8FDAF42625E7D40076F54E /* Project object */ = {
			isa = PBXProject;
			attributes = {
				LastSwiftUpdateCheck = 1240;
				LastUpgradeCheck = 1240;
				TargetAttributes = {
					5E8FDAFB2625E7D40076F54E = {
						CreatedOnToolsVersion = 12.4;
					};
				};
			};
			buildConfigurationList = 5E8FDAF72625E7D40076F54E /* Build configuration list for PBXProject "ContactList" */;
			compatibilityVersion = "Xcode 9.3";
			developmentRegion = en;
			hasScannedForEncodings = 0;
			knownRegions = (
				en,
				Base,
			);
			mainGroup = 5E8FDAF32625E7D40076F54E;
			productRefGroup = 5E8FDAFD2625E7D40076F54E /* Products */;
			projectDirPath = "";
			projectRoot = "";
			targets = (
				5E8FDAFB2625E7D40076F54E /* ContactList */,
			);
		};
/* End PBXProject section */

/* Begin PBXResourcesBuildPhase section */
		5E8FDAFA2625E7D40076F54E /* Resources */ = {
			isa = PBXResourcesBuildPhase;
			buildActionMask = 2147483647;
			files = (
				5E8FDB0C2625E7D40076F54E /* LaunchScreen.storyboard in Resources */,
				5E8FDB092625E7D40076F54E /* Assets.xcassets in Resources */,
				5E8FDB072625E7D40076F54E /* Main.storyboard in Resources */,
			);
			runOnlyForDeploymentPostprocessing = 0;
		};
/* End PBXResourcesBuildPhase section */

/* Begin PBXSourcesBuildPhase section */
		5E8FDAF82625E7D40076F54E /* Sources */ = {
			isa = PBXSourcesBuildPhase;
			buildActionMask = 2147483647;
			files = (
				5E8FDB212625EA8C0076F54E /* PersonModel.swift in Sources */,
				5E8FDB1D2625E9F70076F54E /* PersonInfoViewController.swift in Sources */,
				5E8FDB172625E9B40076F54E /* ContactsListViewController.swift in Sources */,
				5E8FDB1A2625E9D20076F54E /* InfoContactsListViewController.swift in Sources */,
				5E8FDB28262602690076F54E /* TabBarViewController.swift in Sources */,
				5E8FDB002625E7D40076F54E /* AppDelegate.swift in Sources */,
				5E8FDB022625E7D40076F54E /* SceneDelegate.swift in Sources */,
			);
			runOnlyForDeploymentPostprocessing = 0;
		};
/* End PBXSourcesBuildPhase section */

/* Begin PBXVariantGroup section */
		5E8FDB052625E7D40076F54E /* Main.storyboard */ = {
			isa = PBXVariantGroup;
			children = (
				5E8FDB062625E7D40076F54E /* Base */,
			);
			name = Main.storyboard;
			sourceTree = "<group>";
		};
		5E8FDB0A2625E7D40076F54E /* LaunchScreen.storyboard */ = {
			isa = PBXVariantGroup;
			children = (
				5E8FDB0B2625E7D40076F54E /* Base */,
			);
			name = LaunchScreen.storyboard;
			sourceTree = "<group>";
		};
/* End PBXVariantGroup section */

/* Begin XCBuildConfiguration section */
		5E8FDB0E2625E7D40076F54E /* Debug */ = {
			isa = XCBuildConfiguration;
			buildSettings = {
				ALWAYS_SEARCH_USER_PATHS = NO;
				CLANG_ANALYZER_NONNULL = YES;
				CLANG_ANALYZER_NUMBER_OBJECT_CONVERSION = YES_AGGRESSIVE;
				CLANG_CXX_LANGUAGE_STANDARD = "gnu++14";
				CLANG_CXX_LIBRARY = "libc++";
				CLANG_ENABLE_MODULES = YES;
				CLANG_ENABLE_OBJC_ARC = YES;
				CLANG_ENABLE_OBJC_WEAK = YES;
				CLANG_WARN_BLOCK_CAPTURE_AUTORELEASING = YES;
				CLANG_WARN_BOOL_CONVERSION = YES;
				CLANG_WARN_COMMA = YES;
				CLANG_WARN_CONSTANT_CONVERSION = YES;
				CLANG_WARN_DEPRECATED_OBJC_IMPLEMENTATIONS = YES;
				CLANG_WARN_DIRECT_OBJC_ISA_USAGE = YES_ERROR;
				CLANG_WARN_DOCUMENTATION_COMMENTS = YES;
				CLANG_WARN_EMPTY_BODY = YES;
				CLANG_WARN_ENUM_CONVERSION = YES;
				CLANG_WARN_INFINITE_RECURSION = YES;
				CLANG_WARN_INT_CONVERSION = YES;
				CLANG_WARN_NON_LITERAL_NULL_CONVERSION = YES;
				CLANG_WARN_OBJC_IMPLICIT_RETAIN_SELF = YES;
				CLANG_WARN_OBJC_LITERAL_CONVERSION = YES;
				CLANG_WARN_OBJC_ROOT_CLASS = YES_ERROR;
				CLANG_WARN_QUOTED_INCLUDE_IN_FRAMEWORK_HEADER = YES;
				CLANG_WARN_RANGE_LOOP_ANALYSIS = YES;
				CLANG_WARN_STRICT_PROTOTYPES = YES;
				CLANG_WARN_SUSPICIOUS_MOVE = YES;
				CLANG_WARN_UNGUARDED_AVAILABILITY = YES_AGGRESSIVE;
				CLANG_WARN_UNREACHABLE_CODE = YES;
				CLANG_WARN__DUPLICATE_METHOD_MATCH = YES;
				COPY_PHASE_STRIP = NO;
				DEBUG_INFORMATION_FORMAT = dwarf;
				ENABLE_STRICT_OBJC_MSGSEND = YES;
				ENABLE_TESTABILITY = YES;
				GCC_C_LANGUAGE_STANDARD = gnu11;
				GCC_DYNAMIC_NO_PIC = NO;
				GCC_NO_COMMON_BLOCKS = YES;
				GCC_OPTIMIZATION_LEVEL = 0;
				GCC_PREPROCESSOR_DEFINITIONS = (
					"DEBUG=1",
					"$(inherited)",
				);
				GCC_WARN_64_TO_32_BIT_CONVERSION = YES;
				GCC_WARN_ABOUT_RETURN_TYPE = YES_ERROR;
				GCC_WARN_UNDECLARED_SELECTOR = YES;
				GCC_WARN_UNINITIALIZED_AUTOS = YES_AGGRESSIVE;
				GCC_WARN_UNUSED_FUNCTION = YES;
				GCC_WARN_UNUSED_VARIABLE = YES;
				IPHONEOS_DEPLOYMENT_TARGET = 14.4;
				MTL_ENABLE_DEBUG_INFO = INCLUDE_SOURCE;
				MTL_FAST_MATH = YES;
				ONLY_ACTIVE_ARCH = YES;
				SDKROOT = iphoneos;
				SWIFT_ACTIVE_COMPILATION_CONDITIONS = DEBUG;
				SWIFT_OPTIMIZATION_LEVEL = "-Onone";
			};
			name = Debug;
		};
		5E8FDB0F2625E7D40076F54E /* Release */ = {
			isa = XCBuildConfiguration;
			buildSettings = {
				ALWAYS_SEARCH_USER_PATHS = NO;
				CLANG_ANALYZER_NONNULL = YES;
				CLANG_ANALYZER_NUMBER_OBJECT_CONVERSION = YES_AGGRESSIVE;
				CLANG_CXX_LANGUAGE_STANDARD = "gnu++14";
				CLANG_CXX_LIBRARY = "libc++";
				CLANG_ENABLE_MODULES = YES;
				CLANG_ENABLE_OBJC_ARC = YES;
				CLANG_ENABLE_OBJC_WEAK = YES;
				CLANG_WARN_BLOCK_CAPTURE_AUTORELEASING = YES;
				CLANG_WARN_BOOL_CONVERSION = YES;
				CLANG_WARN_COMMA = YES;
				CLANG_WARN_CONSTANT_CONVERSION = YES;
				CLANG_WARN_DEPRECATED_OBJC_IMPLEMENTATIONS = YES;
				CLANG_WARN_DIRECT_OBJC_ISA_USAGE = YES_ERROR;
				CLANG_WARN_DOCUMENTATION_COMMENTS = YES;
				CLANG_WARN_EMPTY_BODY = YES;
				CLANG_WARN_ENUM_CONVERSION = YES;
				CLANG_WARN_INFINITE_RECURSION = YES;
				CLANG_WARN_INT_CONVERSION = YES;
				CLANG_WARN_NON_LITERAL_NULL_CONVERSION = YES;
				CLANG_WARN_OBJC_IMPLICIT_RETAIN_SELF = YES;
				CLANG_WARN_OBJC_LITERAL_CONVERSION = YES;
				CLANG_WARN_OBJC_ROOT_CLASS = YES_ERROR;
				CLANG_WARN_QUOTED_INCLUDE_IN_FRAMEWORK_HEADER = YES;
				CLANG_WARN_RANGE_LOOP_ANALYSIS = YES;
				CLANG_WARN_STRICT_PROTOTYPES = YES;
				CLANG_WARN_SUSPICIOUS_MOVE = YES;
				CLANG_WARN_UNGUARDED_AVAILABILITY = YES_AGGRESSIVE;
				CLANG_WARN_UNREACHABLE_CODE = YES;
				CLANG_WARN__DUPLICATE_METHOD_MATCH = YES;
				COPY_PHASE_STRIP = NO;
				DEBUG_INFORMATION_FORMAT = "dwarf-with-dsym";
				ENABLE_NS_ASSERTIONS = NO;
				ENABLE_STRICT_OBJC_MSGSEND = YES;
				GCC_C_LANGUAGE_STANDARD = gnu11;
				GCC_NO_COMMON_BLOCKS = YES;
				GCC_WARN_64_TO_32_BIT_CONVERSION = YES;
				GCC_WARN_ABOUT_RETURN_TYPE = YES_ERROR;
				GCC_WARN_UNDECLARED_SELECTOR = YES;
				GCC_WARN_UNINITIALIZED_AUTOS = YES_AGGRESSIVE;
				GCC_WARN_UNUSED_FUNCTION = YES;
				GCC_WARN_UNUSED_VARIABLE = YES;
				IPHONEOS_DEPLOYMENT_TARGET = 14.4;
				MTL_ENABLE_DEBUG_INFO = NO;
				MTL_FAST_MATH = YES;
				SDKROOT = iphoneos;
				SWIFT_COMPILATION_MODE = wholemodule;
				SWIFT_OPTIMIZATION_LEVEL = "-O";
				VALIDATE_PRODUCT = YES;
			};
			name = Release;
		};
		5E8FDB112625E7D40076F54E /* Debug */ = {
			isa = XCBuildConfiguration;
			buildSettings = {
				ASSETCATALOG_COMPILER_APPICON_NAME = AppIcon;
				ASSETCATALOG_COMPILER_GLOBAL_ACCENT_COLOR_NAME = AccentColor;
				CODE_SIGN_STYLE = Automatic;
				DEVELOPMENT_TEAM = 3523D9K6N2;
				INFOPLIST_FILE = ContactList/Info.plist;
				LD_RUNPATH_SEARCH_PATHS = (
					"$(inherited)",
					"@executable_path/Frameworks",
				);
				PRODUCT_BUNDLE_IDENTIFIER = com.Crossy.ContactList;
				PRODUCT_NAME = "$(TARGET_NAME)";
				SWIFT_VERSION = 5.0;
				TARGETED_DEVICE_FAMILY = 1;
			};
			name = Debug;
		};
		5E8FDB122625E7D40076F54E /* Release */ = {
			isa = XCBuildConfiguration;
			buildSettings = {
				ASSETCATALOG_COMPILER_APPICON_NAME = AppIcon;
				ASSETCATALOG_COMPILER_GLOBAL_ACCENT_COLOR_NAME = AccentColor;
				CODE_SIGN_STYLE = Automatic;
				DEVELOPMENT_TEAM = 3523D9K6N2;
				INFOPLIST_FILE = ContactList/Info.plist;
				LD_RUNPATH_SEARCH_PATHS = (
					"$(inherited)",
					"@executable_path/Frameworks",
				);
				PRODUCT_BUNDLE_IDENTIFIER = com.Crossy.ContactList;
				PRODUCT_NAME = "$(TARGET_NAME)";
				SWIFT_VERSION = 5.0;
				TARGETED_DEVICE_FAMILY = 1;
			};
			name = Release;
		};
/* End XCBuildConfiguration section */

/* Begin XCConfigurationList section */
		5E8FDAF72625E7D40076F54E /* Build configuration list for PBXProject "ContactList" */ = {
			isa = XCConfigurationList;
			buildConfigurations = (
				5E8FDB0E2625E7D40076F54E /* Debug */,
				5E8FDB0F2625E7D40076F54E /* Release */,
			);
			defaultConfigurationIsVisible = 0;
			defaultConfigurationName = Release;
		};
		5E8FDB102625E7D40076F54E /* Build configuration list for PBXNativeTarget "ContactList" */ = {
			isa = XCConfigurationList;
			buildConfigurations = (
				5E8FDB112625E7D40076F54E /* Debug */,
				5E8FDB122625E7D40076F54E /* Release */,
			);
			defaultConfigurationIsVisible = 0;
			defaultConfigurationName = Release;
		};
/* End XCConfigurationList section */
	};
	rootObject = 5E8FDAF42625E7D40076F54E /* Project object */;
}
